{
  "version": 4,
  "terraform_version": "1.10.5",
  "serial": 3,
  "lineage": "c4a1f57a-df69-cd81-9f80-4cf22a1bf030",
  "outputs": {},
  "resources": [
    {
      "mode": "managed",
      "type": "local_file",
      "name": "learn-AWS",
      "provider": "provider[\"registry.terraform.io/hashicorp/local\"]",
      "instances": [
        {
          "schema_version": 0,
          "attributes": {
            "content": "we love cloud, let's learn AWS",
            "content_base64": null,
            "content_base64sha256": "b3Bmsmh/0PQb5ksebT4N9St3pDpUL0xPBcL6DMIU+Mk=",
            "content_base64sha512": "sgHqAhTh+/CUmm3v+wFU/yUmaad9dT5ARlqxxFsTtIDNgnrtAI5C2aZWJytC/Fz2yv6gDltGueX9gX3ujJSKAw==",
            "content_md5": "017cf19d3d90a88d7fd1d2e34a37e95d",
            "content_sha1": "9c5b5d933009ddc5f5f82cc59cee587d2ac5fb17",
            "content_sha256": "6f7066b2687fd0f41be64b1e6d3e0df52b77a43a542f4c4f05c2fa0cc214f8c9",
            "content_sha512": "b201ea0214e1fbf0949a6deffb0154ff252669a77d753e40465ab1c45b13b480cd827aed008e42d9a656272b42fc5cf6cafea00e5b46b9e5fd817dee8c948a03",
            "directory_permission": "0777",
            "file_permission": "0777",
            "filename": "aws.txt",
            "id": "9c5b5d933009ddc5f5f82cc59cee587d2ac5fb17",
            "sensitive_content": null,
            "source": null
          },
          "sensitive_attributes": [
            [
              {
                "type": "get_attr",
                "value": "sensitive_content"
              }
            ]
          ]
        }
      ]
    },
    {
      "mode": "managed",
      "type": "local_file",
      "name": "learn-Azure",
      "provider": "provider[\"registry.terraform.io/hashicorp/local\"]",
      "instances": [
        {
          "schema_version": 0,
          "attributes": {
            "content": "we love cloud, let's learn Azure",
            "content_base64": null,
            "content_base64sha256": "1XMnH/+1uQ8BFd00gEDvAvOPap81fabK6nqDoLYt1Qw=",
            "content_base64sha512": "kxZmPzYdNHkjEC7i7iIbVRXCF6/+Or40zZGZBSNvWmdtdCkCDUJJasbvZQfTNWQpzx/ZX3XXspZ/SKR+SA87aw==",
            "content_md5": "50573ce16d9c8522055ae760ab273aaa",
            "content_sha1": "8864ea3c31a7612c08463430f9b933ddbdbcc5b8",
            "content_sha256": "d573271fffb5b90f0115dd348040ef02f38f6a9f357da6caea7a83a0b62dd50c",
            "content_sha512": "9316663f361d347923102ee2ee221b5515c217affe3abe34cd919905236f5a676d7429020d42496ac6ef6507d3356429cf1fd95f75d7b2967f48a47e480f3b6b",
            "directory_permission": "0777",
            "file_permission": "0777",
            "filename": "az.txt",
            "id": "8864ea3c31a7612c08463430f9b933ddbdbcc5b8",
            "sensitive_content": null,
            "source": null
          },
          "sensitive_attributes": [
            [
              {
                "type": "get_attr",
                "value": "sensitive_content"
              }
            ]
          ]
        }
      ]
    },
    {
      "mode": "managed",
      "type": "local_file",
      "name": "learn-GCP",
      "provider": "provider[\"registry.terraform.io/hashicorp/local\"]",
      "instances": [
        {
          "schema_version": 0,
          "attributes": {
            "content": "we love cloud, let's learn GCP",
            "content_base64": null,
            "content_base64sha256": "hwYUVwM57+5YPQzedmL4v+7j73WaDeleVpm6E8VCp1M=",
            "content_base64sha512": "AcOpdNFQAUhhYrklzK8X5HWzBiqystM4vA3+0Qt4rqmQuBswwnJV9+kFsAV5+BM5Ec5wWDOc1eygqCLbg3OFiw==",
            "content_md5": "e8102167405e9c9f82517585ed582f4d",
            "content_sha1": "243c932821819f995aa693950363bdfb87f3a24c",
            "content_sha256": "870614570339efee583d0cde7662f8bfeee3ef759a0de95e5699ba13c542a753",
            "content_sha512": "01c3a974d15001486162b925ccaf17e475b3062ab2b2d338bc0dfed10b78aea990b81b30c27255f7e905b00579f8133911ce7058339cd5eca0a822db8373858b",
            "directory_permission": "0777",
            "file_permission": "0777",
            "filename": "gcp.txt",
            "id": "243c932821819f995aa693950363bdfb87f3a24c",
            "sensitive_content": null,
            "source": null
          },
          "sensitive_attributes": [
            [
              {
                "type": "get_attr",
                "value": "sensitive_content"
              }
            ]
          ]
        }
      ]
    }
  ],
  "check_results": null
}
