{
  "version": 4,
  "terraform_version": "1.10.5",
  "serial": 13,
  "lineage": "86970e09-911d-dd1e-739d-062b80197510",
  "outputs": {},
  "resources": [
    {
      "mode": "managed",
      "type": "local_file",
      "name": "example",
      "provider": "provider[\"registry.terraform.io/hashicorp/local\"]",
      "instances": [
        {
          "schema_version": 0,
          "attributes": {
            "content": "hello-students",
            "content_base64": null,
            "content_base64sha256": "SRGkPCf+7H4GoSdOvrrhxLH3ySdr96xH3WzWdPU8uA4=",
            "content_base64sha512": "SOLKxb01Ssi/mZckZ5YjJ6S3eN/m9h19Uhks1g03Y/oUdDKYlEzDxXlpJsG/7PIzkSpKh8oHd3Xs7RaXY9qZZw==",
            "content_md5": "6ec3890b2f1e56618204a59744a32564",
            "content_sha1": "9d093b9222af8c210787b8175667729e33e358ad",
            "content_sha256": "4911a43c27feec7e06a1274ebebae1c4b1f7c9276bf7ac47dd6cd674f53cb80e",
            "content_sha512": "48e2cac5bd354ac8bf99972467962327a4b778dfe6f61d7d52192cd60d3763fa14743298944cc3c5796926c1bfecf233912a4a87ca077775eced169763da9967",
            "directory_permission": "0777",
            "file_permission": "0777",
            "filename": "example.txt",
            "id": "9d093b9222af8c210787b8175667729e33e358ad",
            "sensitive_content": null,
            "source": null
          },
          "sensitive_attributes": [
            [
              {
                "type": "get_attr",
                "value": "sensitive_content"
              }
            ]
          ]
        }
      ]
    }
  ],
  "check_results": null
}
