{
  "version": 4,
  "terraform_version": "1.10.5",
  "serial": 9,
  "lineage": "a6342765-1395-259c-0a90-e715a2a81c0a",
  "outputs": {
    "abdul": {
      "value": 1,
      "type": "number"
    }
  },
  "resources": [
    {
      "mode": "managed",
      "type": "random_integer",
      "name": "rand_int",
      "provider": "provider[\"registry.terraform.io/hashicorp/random\"]",
      "instances": [
        {
          "schema_version": 0,
          "attributes": {
            "id": "1",
            "keepers": null,
            "max": 10,
            "min": 1,
            "result": 1,
            "seed": null
          },
          "sensitive_attributes": []
        }
      ]
    }
  ],
  "check_results": null
}
