{
  "version": 4,
  "terraform_version": "1.10.5",
  "serial": 16,
  "lineage": "69d28a2a-84f5-b805-e376-1104e56db92e",
  "outputs": {},
  "resources": [
    {
      "mode": "managed",
      "type": "google_storage_bucket",
      "name": "techblocks-bucket-from-tf",
      "provider": "provider[\"registry.terraform.io/hashicorp/google\"]",
      "instances": [
        {
          "schema_version": 3,
          "attributes": {
            "autoclass": [],
            "cors": [],
            "custom_placement_config": [],
            "default_event_based_hold": false,
            "effective_labels": {
              "gcp": "cloud-storage",
              "goog-terraform-provisioned": "true",
              "terraform": "demo-object"
            },
            "enable_object_retention": false,
            "encryption": [],
            "force_destroy": false,
            "hierarchical_namespace": [
              {
                "enabled": false
              }
            ],
            "id": "techblocks-bucket-from-tf",
            "labels": {
              "gcp": "cloud-storage",
              "terraform": "demo-object"
            },
            "lifecycle_rule": [
              {
                "action": [
                  {
                    "storage_class": "ARCHIVE",
                    "type": "SetStorageClass"
                  }
                ],
                "condition": [
                  {
                    "age": 20,
                    "created_before": "",
                    "custom_time_before": "",
                    "days_since_custom_time": 0,
                    "days_since_noncurrent_time": 0,
                    "matches_prefix": [],
                    "matches_storage_class": [],
                    "matches_suffix": [],
                    "noncurrent_time_before": "",
                    "num_newer_versions": 0,
                    "send_age_if_zero": false,
                    "send_days_since_custom_time_if_zero": false,
                    "send_days_since_noncurrent_time_if_zero": false,
                    "send_num_newer_versions_if_zero": false,
                    "with_state": ""
                  }
                ]
              }
            ],
            "location": "US-CENTRAL1",
            "logging": [],
            "name": "techblocks-bucket-from-tf",
            "project": "techblocks-terraform",
            "project_number": -682153280,
            "public_access_prevention": "inherited",
            "requester_pays": false,
            "retention_policy": [],
            "rpo": null,
            "self_link": "https://www.googleapis.com/storage/v1/b/techblocks-bucket-from-tf",
            "soft_delete_policy": [
              {
                "effective_time": "2025-03-11T06:14:45.761Z",
                "retention_duration_seconds": 604800
              }
            ],
            "storage_class": "NEARLINE",
            "terraform_labels": {
              "gcp": "cloud-storage",
              "goog-terraform-provisioned": "true",
              "terraform": "demo-object"
            },
            "timeouts": null,
            "uniform_bucket_level_access": false,
            "url": "gs://techblocks-bucket-from-tf",
            "versioning": [],
            "website": []
          },
          "sensitive_attributes": [],
          "private": "eyJlMmJmYjczMC1lY2FhLTExZTYtOGY4OC0zNDM2M2JjN2M0YzAiOnsiY3JlYXRlIjo2MDAwMDAwMDAwMDAsInJlYWQiOjI0MDAwMDAwMDAwMCwidXBkYXRlIjoyNDAwMDAwMDAwMDB9LCJzY2hlbWFfdmVyc2lvbiI6IjMifQ=="
        }
      ]
    },
    {
      "mode": "managed",
      "type": "google_storage_bucket_object",
      "name": "gcptfimage",
      "provider": "provider[\"registry.terraform.io/hashicorp/google\"]",
      "instances": [
        {
          "schema_version": 0,
          "attributes": {
            "bucket": "techblocks-bucket-from-tf",
            "cache_control": "",
            "content": null,
            "content_disposition": "",
            "content_encoding": "",
            "content_language": "",
            "content_type": "image/png",
            "crc32c": "bpq6cA==",
            "customer_encryption": [],
            "detect_md5hash": "FXYV+RXBnQGXatFiEPP6ew==",
            "event_based_hold": false,
            "generation": -68622123,
            "id": "techblocks-bucket-from-tf-gcptfimage",
            "kms_key_name": "",
            "md5hash": "FXYV+RXBnQGXatFiEPP6ew==",
            "media_link": "https://storage.googleapis.com/download/storage/v1/b/techblocks-bucket-from-tf/o/gcptfimage?generation=1741759493761237\u0026alt=media",
            "metadata": {},
            "name": "gcptfimage",
            "output_name": "gcptfimage",
            "retention": [],
            "self_link": "https://www.googleapis.com/storage/v1/b/techblocks-bucket-from-tf/o/gcptfimage",
            "source": "./azure-cloud.png",
            "storage_class": "NEARLINE",
            "temporary_hold": false,
            "timeouts": null
          },
          "sensitive_attributes": [
            [
              {
                "type": "get_attr",
                "value": "content"
              }
            ]
          ],
          "private": "eyJlMmJmYjczMC1lY2FhLTExZTYtOGY4OC0zNDM2M2JjN2M0YzAiOnsiY3JlYXRlIjoyNDAwMDAwMDAwMDAsImRlbGV0ZSI6MjQwMDAwMDAwMDAwLCJ1cGRhdGUiOjI0MDAwMDAwMDAwMH19",
          "dependencies": [
            "google_storage_bucket.techblocks-bucket-from-tf"
          ]
        }
      ]
    }
  ],
  "check_results": null
}
