{
  "version": 4,
  "terraform_version": "1.10.5",
  "serial": 1,
  "lineage": "c3bad218-c7a1-c97b-1841-84579b622298",
  "outputs": {},
  "resources": [
    {
      "mode": "managed",
      "type": "local_file",
      "name": "class",
      "provider": "provider[\"registry.terraform.io/hashicorp/local\"]",
      "instances": [
        {
          "schema_version": 0,
          "attributes": {
            "content": "Hello students",
            "content_base64": null,
            "content_base64sha256": "UhG89E8bpoFlBYzt8N67dScvKRjZfO7EnX6d+LgMj+I=",
            "content_base64sha512": "Zt8hfLqzC15Eq0H6W85QIZt0KNGnaINPXy388KRJmtVsbkExMOm7t5mlkYpzQOh77pComeRd90I0LUkykKl15A==",
            "content_md5": "9e4110b3f5610475e40433a1f166791e",
            "content_sha1": "fd7cd55d414f2116feeb8fa8c20f4e7eeb8b5d17",
            "content_sha256": "5211bcf44f1ba68165058cedf0debb75272f2918d97ceec49d7e9df8b80c8fe2",
            "content_sha512": "66df217cbab30b5e44ab41fa5bce50219b7428d1a768834f5f2dfcf0a4499ad56c6e413130e9bbb799a5918a7340e87bee90a899e45df742342d493290a975e4",
            "directory_permission": "0777",
            "file_permission": "0770",
            "filename": "class.txt",
            "id": "fd7cd55d414f2116feeb8fa8c20f4e7eeb8b5d17",
            "sensitive_content": null,
            "source": null
          },
          "sensitive_attributes": [
            [
              {
                "type": "get_attr",
                "value": "sensitive_content"
              }
            ]
          ]
        }
      ]
    },
    {
      "mode": "managed",
      "type": "local_file",
      "name": "sample",
      "provider": "provider[\"registry.terraform.io/hashicorp/local\"]",
      "instances": [
        {
          "schema_version": 0,
          "attributes": {
            "content": "Hello students to devops",
            "content_base64": null,
            "content_base64sha256": "lURJiiSRDOAZqcBxU7OUKSXNUTgcM3WDyfR3+RZ4pxk=",
            "content_base64sha512": "yYP05VzK75ExgBqdpdVYm5XyTzJKnW4IF+RY23aTeqAJzBBu1F9EdbriAQlLKgGOSr5+VnM6aQsK4CHwGjmi/A==",
            "content_md5": "024c7fd1a8cef29bd467a75432ad017e",
            "content_sha1": "e48cf7608365391177a0644bd83da97c2695ccb1",
            "content_sha256": "9544498a24910ce019a9c07153b3942925cd51381c337583c9f477f91678a719",
            "content_sha512": "c983f4e55ccaef9131801a9da5d5589b95f24f324a9d6e0817e458db76937aa009cc106ed45f4475bae201094b2a018e4abe7e56733a690b0ae021f01a39a2fc",
            "directory_permission": "0777",
            "file_permission": "0770",
            "filename": "sample.txt",
            "id": "e48cf7608365391177a0644bd83da97c2695ccb1",
            "sensitive_content": null,
            "source": null
          },
          "sensitive_attributes": [
            [
              {
                "type": "get_attr",
                "value": "sensitive_content"
              }
            ]
          ]
        }
      ]
    }
  ],
  "check_results": null
}
